Microsoft Visual Studio Solution File, Format Version 12.00
# Visual Studio 14
VisualStudioVersion = 14.0.25420.1
MinimumVisualStudioVersion = 10.0.40219.1
Project("{8BC9CEB8-8B4A-11D0-8D11-00A0C91BC942}") = "glew_shared", "..\Libs\glew\build\vc12\glew_shared.vcxproj", "{55AE3D72-7DE6-F19F-AEF2-9AE8CA26CF3D}"
EndProject
Project("{8BC9CEB8-8B4A-11D0-8D11-00A0C91BC942}") = "CopyLibs", "..\CopyLibs\CopyLibs.vcxproj", "{7078A796-5528-4780-B71B-ABDD0955339A}"
	ProjectSection(ProjectDependencies) = postProject
		{55AE3D72-7DE6-F19F-AEF2-9AE8CA26CF3D} = {55AE3D72-7DE6-F19F-AEF2-9AE8CA26CF3D}
	EndProjectSection
EndProject
Project("{8BC9CEB8-8B4A-11D0-8D11-00A0C91BC942}") = "MidpointLine", "MidpointLine\MidpointLine.vcxproj", "{3E799E09-924C-4AA1-94F7-FFB72BA95433}"
EndProject
Project("{8BC9CEB8-8B4A-11D0-8D11-00A0C91BC942}") = "PutPixel", "PutPixel\PutPixel.vcxproj", "{0D29535B-C852-4B05-9598-E4E9BF5E230D}"
EndProject
Project("{8BC9CEB8-8B4A-11D0-8D11-00A0C91BC942}") = "Sierpinski", "Sierpinski\Sierpinski.vcxproj", "{15902929-B063-4087-A73C-4DC7B2136C75}"
EndProject
Project("{8BC9CEB8-8B4A-11D0-8D11-00A0C91BC942}") = "CirculoLineass", "CirculoLineass\CirculoLineass.vcxproj", "{AFEBC046-3FD4-4ADD-987E-C78379E5E12A}"
EndProject
Project("{8BC9CEB8-8B4A-11D0-8D11-00A0C91BC942}") = "Figuritas", "Figuritas\Figuritas.vcxproj", "{56CB3EA3-297E-4C00-A35D-C88444E52D7B}"
EndProject
Project("{8BC9CEB8-8B4A-11D0-8D11-00A0C91BC942}") = "TranformacinesOP", "TranformacinesOP\TranformacinesOP.vcxproj", "{4BF6979B-C06D-4A44-BF6A-4582A1DA654E}"
EndProject
Global
	GlobalSection(SolutionConfigurationPlatforms) = preSolution
		Debug MX|Win32 = Debug MX|Win32
		Debug MX|x64 = Debug MX|x64
		Debug MX|x86 = Debug MX|x86
		Debug|Win32 = Debug|Win32
		Debug|x64 = Debug|x64
		Debug|x86 = Debug|x86
		MinSizeRel|Win32 = MinSizeRel|Win32
		MinSizeRel|x64 = MinSizeRel|x64
		MinSizeRel|x86 = MinSizeRel|x86
		Release MX|Win32 = Release MX|Win32
		Release MX|x64 = Release MX|x64
		Release MX|x86 = Release MX|x86
		Release|Win32 = Release|Win32
		Release|x64 = Release|x64
		Release|x86 = Release|x86
		RelWithDebInfo|Win32 = RelWithDebInfo|Win32
		RelWithDebInfo|x64 = RelWithDebInfo|x64
		RelWithDebInfo|x86 = RelWithDebInfo|x86
	EndGlobalSection
	GlobalSection(ProjectConfigurationPlatforms) = postSolution
		{55AE3D72-7DE6-F19F-AEF2-9AE8CA26CF3D}.Debug MX|Win32.ActiveCfg = Debug MX|Win32
		{55AE3D72-7DE6-F19F-AEF2-9AE8CA26CF3D}.Debug MX|Win32.Build.0 = Debug MX|Win32
		{55AE3D72-7DE6-F19F-AEF2-9AE8CA26CF3D}.Debug MX|x64.ActiveCfg = Debug MX|x64
		{55AE3D72-7DE6-F19F-AEF2-9AE8CA26CF3D}.Debug MX|x64.Build.0 = Debug MX|x64
		{55AE3D72-7DE6-F19F-AEF2-9AE8CA26CF3D}.Debug MX|x86.ActiveCfg = Debug MX|Win32
		{55AE3D72-7DE6-F19F-AEF2-9AE8CA26CF3D}.Debug MX|x86.Build.0 = Debug MX|Win32
		{55AE3D72-7DE6-F19F-AEF2-9AE8CA26CF3D}.Debug|Win32.ActiveCfg = Debug|Win32
		{55AE3D72-7DE6-F19F-AEF2-9AE8CA26CF3D}.Debug|Win32.Build.0 = Debug|Win32
		{55AE3D72-7DE6-F19F-AEF2-9AE8CA26CF3D}.Debug|x64.ActiveCfg = Debug|x64
		{55AE3D72-7DE6-F19F-AEF2-9AE8CA26CF3D}.Debug|x64.Build.0 = Debug|x64
		{55AE3D72-7DE6-F19F-AEF2-9AE8CA26CF3D}.Debug|x86.ActiveCfg = Debug|Win32
		{55AE3D72-7DE6-F19F-AEF2-9AE8CA26CF3D}.Debug|x86.Build.0 = Debug|Win32
		{55AE3D72-7DE6-F19F-AEF2-9AE8CA26CF3D}.MinSizeRel|Win32.ActiveCfg = Release|Win32
		{55AE3D72-7DE6-F19F-AEF2-9AE8CA26CF3D}.MinSizeRel|Win32.Build.0 = Release|Win32
		{55AE3D72-7DE6-F19F-AEF2-9AE8CA26CF3D}.MinSizeRel|x64.ActiveCfg = Release|x64
		{55AE3D72-7DE6-F19F-AEF2-9AE8CA26CF3D}.MinSizeRel|x64.Build.0 = Release|x64
		{55AE3D72-7DE6-F19F-AEF2-9AE8CA26CF3D}.MinSizeRel|x86.ActiveCfg = Release|Win32
		{55AE3D72-7DE6-F19F-AEF2-9AE8CA26CF3D}.MinSizeRel|x86.Build.0 = Release|Win32
		{55AE3D72-7DE6-F19F-AEF2-9AE8CA26CF3D}.Release MX|Win32.ActiveCfg = Release MX|Win32
		{55AE3D72-7DE6-F19F-AEF2-9AE8CA26CF3D}.Release MX|Win32.Build.0 = Release MX|Win32
		{55AE3D72-7DE6-F19F-AEF2-9AE8CA26CF3D}.Release MX|x64.ActiveCfg = Release MX|x64
		{55AE3D72-7DE6-F19F-AEF2-9AE8CA26CF3D}.Release MX|x64.Build.0 = Release MX|x64
		{55AE3D72-7DE6-F19F-AEF2-9AE8CA26CF3D}.Release MX|x86.ActiveCfg = Release MX|Win32
		{55AE3D72-7DE6-F19F-AEF2-9AE8CA26CF3D}.Release MX|x86.Build.0 = Release MX|Win32
		{55AE3D72-7DE6-F19F-AEF2-9AE8CA26CF3D}.Release|Win32.ActiveCfg = Release|Win32
		{55AE3D72-7DE6-F19F-AEF2-9AE8CA26CF3D}.Release|Win32.Build.0 = Release|Win32
		{55AE3D72-7DE6-F19F-AEF2-9AE8CA26CF3D}.Release|x64.ActiveCfg = Release|x64
		{55AE3D72-7DE6-F19F-AEF2-9AE8CA26CF3D}.Release|x64.Build.0 = Release|x64
		{55AE3D72-7DE6-F19F-AEF2-9AE8CA26CF3D}.Release|x86.ActiveCfg = Release|Win32
		{55AE3D72-7DE6-F19F-AEF2-9AE8CA26CF3D}.Release|x86.Build.0 = Release|Win32
		{55AE3D72-7DE6-F19F-AEF2-9AE8CA26CF3D}.RelWithDebInfo|Win32.ActiveCfg = Release|Win32
		{55AE3D72-7DE6-F19F-AEF2-9AE8CA26CF3D}.RelWithDebInfo|Win32.Build.0 = Release|Win32
		{55AE3D72-7DE6-F19F-AEF2-9AE8CA26CF3D}.RelWithDebInfo|x64.ActiveCfg = Release|x64
		{55AE3D72-7DE6-F19F-AEF2-9AE8CA26CF3D}.RelWithDebInfo|x64.Build.0 = Release|x64
		{55AE3D72-7DE6-F19F-AEF2-9AE8CA26CF3D}.RelWithDebInfo|x86.ActiveCfg = Release|Win32
		{55AE3D72-7DE6-F19F-AEF2-9AE8CA26CF3D}.RelWithDebInfo|x86.Build.0 = Release|Win32
		{7078A796-5528-4780-B71B-ABDD0955339A}.Debug MX|Win32.ActiveCfg = Debug|Win32
		{7078A796-5528-4780-B71B-ABDD0955339A}.Debug MX|Win32.Build.0 = Debug|Win32
		{7078A796-5528-4780-B71B-ABDD0955339A}.Debug MX|x64.ActiveCfg = Debug|x64
		{7078A796-5528-4780-B71B-ABDD0955339A}.Debug MX|x64.Build.0 = Debug|x64
		{7078A796-5528-4780-B71B-ABDD0955339A}.Debug MX|x86.ActiveCfg = Debug|Win32
		{7078A796-5528-4780-B71B-ABDD0955339A}.Debug MX|x86.Build.0 = Debug|Win32
		{7078A796-5528-4780-B71B-ABDD0955339A}.Debug|Win32.ActiveCfg = Debug|Win32
		{7078A796-5528-4780-B71B-ABDD0955339A}.Debug|Win32.Build.0 = Debug|Win32
		{7078A796-5528-4780-B71B-ABDD0955339A}.Debug|x64.ActiveCfg = Debug|x64
		{7078A796-5528-4780-B71B-ABDD0955339A}.Debug|x64.Build.0 = Debug|x64
		{7078A796-5528-4780-B71B-ABDD0955339A}.Debug|x86.ActiveCfg = Debug|Win32
		{7078A796-5528-4780-B71B-ABDD0955339A}.Debug|x86.Build.0 = Debug|Win32
		{7078A796-5528-4780-B71B-ABDD0955339A}.MinSizeRel|Win32.ActiveCfg = Release|Win32
		{7078A796-5528-4780-B71B-ABDD0955339A}.MinSizeRel|Win32.Build.0 = Release|Win32
		{7078A796-5528-4780-B71B-ABDD0955339A}.MinSizeRel|x64.ActiveCfg = Release|x64
		{7078A796-5528-4780-B71B-ABDD0955339A}.MinSizeRel|x64.Build.0 = Release|x64
		{7078A796-5528-4780-B71B-ABDD0955339A}.MinSizeRel|x86.ActiveCfg = Release|Win32
		{7078A796-5528-4780-B71B-ABDD0955339A}.MinSizeRel|x86.Build.0 = Release|Win32
		{7078A796-5528-4780-B71B-ABDD0955339A}.Release MX|Win32.ActiveCfg = Release|Win32
		{7078A796-5528-4780-B71B-ABDD0955339A}.Release MX|Win32.Build.0 = Release|Win32
		{7078A796-5528-4780-B71B-ABDD0955339A}.Release MX|x64.ActiveCfg = Release|x64
		{7078A796-5528-4780-B71B-ABDD0955339A}.Release MX|x64.Build.0 = Release|x64
		{7078A796-5528-4780-B71B-ABDD0955339A}.Release MX|x86.ActiveCfg = Release|Win32
		{7078A796-5528-4780-B71B-ABDD0955339A}.Release MX|x86.Build.0 = Release|Win32
		{7078A796-5528-4780-B71B-ABDD0955339A}.Release|Win32.ActiveCfg = Release|Win32
		{7078A796-5528-4780-B71B-ABDD0955339A}.Release|Win32.Build.0 = Release|Win32
		{7078A796-5528-4780-B71B-ABDD0955339A}.Release|x64.ActiveCfg = Release|x64
		{7078A796-5528-4780-B71B-ABDD0955339A}.Release|x64.Build.0 = Release|x64
		{7078A796-5528-4780-B71B-ABDD0955339A}.Release|x86.ActiveCfg = Release|Win32
		{7078A796-5528-4780-B71B-ABDD0955339A}.Release|x86.Build.0 = Release|Win32
		{7078A796-5528-4780-B71B-ABDD0955339A}.RelWithDebInfo|Win32.ActiveCfg = Release|Win32
		{7078A796-5528-4780-B71B-ABDD0955339A}.RelWithDebInfo|Win32.Build.0 = Release|Win32
		{7078A796-5528-4780-B71B-ABDD0955339A}.RelWithDebInfo|x64.ActiveCfg = Release|x64
		{7078A796-5528-4780-B71B-ABDD0955339A}.RelWithDebInfo|x64.Build.0 = Release|x64
		{7078A796-5528-4780-B71B-ABDD0955339A}.RelWithDebInfo|x86.ActiveCfg = Release|Win32
		{7078A796-5528-4780-B71B-ABDD0955339A}.RelWithDebInfo|x86.Build.0 = Release|Win32
		{3E799E09-924C-4AA1-94F7-FFB72BA95433}.Debug MX|Win32.ActiveCfg = Debug|Win32
		{3E799E09-924C-4AA1-94F7-FFB72BA95433}.Debug MX|Win32.Build.0 = Debug|Win32
		{3E799E09-924C-4AA1-94F7-FFB72BA95433}.Debug MX|x64.ActiveCfg = Debug|x64
		{3E799E09-924C-4AA1-94F7-FFB72BA95433}.Debug MX|x64.Build.0 = Debug|x64
		{3E799E09-924C-4AA1-94F7-FFB72BA95433}.Debug MX|x86.ActiveCfg = Debug|Win32
		{3E799E09-924C-4AA1-94F7-FFB72BA95433}.Debug MX|x86.Build.0 = Debug|Win32
		{3E799E09-924C-4AA1-94F7-FFB72BA95433}.Debug|Win32.ActiveCfg = Debug|Win32
		{3E799E09-924C-4AA1-94F7-FFB72BA95433}.Debug|Win32.Build.0 = Debug|Win32
		{3E799E09-924C-4AA1-94F7-FFB72BA95433}.Debug|x64.ActiveCfg = Debug|x64
		{3E799E09-924C-4AA1-94F7-FFB72BA95433}.Debug|x64.Build.0 = Debug|x64
		{3E799E09-924C-4AA1-94F7-FFB72BA95433}.Debug|x86.ActiveCfg = Debug|Win32
		{3E799E09-924C-4AA1-94F7-FFB72BA95433}.Debug|x86.Build.0 = Debug|Win32
		{3E799E09-924C-4AA1-94F7-FFB72BA95433}.MinSizeRel|Win32.ActiveCfg = Release|Win32
		{3E799E09-924C-4AA1-94F7-FFB72BA95433}.MinSizeRel|Win32.Build.0 = Release|Win32
		{3E799E09-924C-4AA1-94F7-FFB72BA95433}.MinSizeRel|x64.ActiveCfg = Release|x64
		{3E799E09-924C-4AA1-94F7-FFB72BA95433}.MinSizeRel|x64.Build.0 = Release|x64
		{3E799E09-924C-4AA1-94F7-FFB72BA95433}.MinSizeRel|x86.ActiveCfg = Release|Win32
		{3E799E09-924C-4AA1-94F7-FFB72BA95433}.MinSizeRel|x86.Build.0 = Release|Win32
		{3E799E09-924C-4AA1-94F7-FFB72BA95433}.Release MX|Win32.ActiveCfg = Release|Win32
		{3E799E09-924C-4AA1-94F7-FFB72BA95433}.Release MX|Win32.Build.0 = Release|Win32
		{3E799E09-924C-4AA1-94F7-FFB72BA95433}.Release MX|x64.ActiveCfg = Release|x64
		{3E799E09-924C-4AA1-94F7-FFB72BA95433}.Release MX|x64.Build.0 = Release|x64
		{3E799E09-924C-4AA1-94F7-FFB72BA95433}.Release MX|x86.ActiveCfg = Release|Win32
		{3E799E09-924C-4AA1-94F7-FFB72BA95433}.Release MX|x86.Build.0 = Release|Win32
		{3E799E09-924C-4AA1-94F7-FFB72BA95433}.Release|Win32.ActiveCfg = Release|Win32
		{3E799E09-924C-4AA1-94F7-FFB72BA95433}.Release|Win32.Build.0 = Release|Win32
		{3E799E09-924C-4AA1-94F7-FFB72BA95433}.Release|x64.ActiveCfg = Release|x64
		{3E799E09-924C-4AA1-94F7-FFB72BA95433}.Release|x64.Build.0 = Release|x64
		{3E799E09-924C-4AA1-94F7-FFB72BA95433}.Release|x86.ActiveCfg = Release|Win32
		{3E799E09-924C-4AA1-94F7-FFB72BA95433}.Release|x86.Build.0 = Release|Win32
		{3E799E09-924C-4AA1-94F7-FFB72BA95433}.RelWithDebInfo|Win32.ActiveCfg = Release|Win32
		{3E799E09-924C-4AA1-94F7-FFB72BA95433}.RelWithDebInfo|Win32.Build.0 = Release|Win32
		{3E799E09-924C-4AA1-94F7-FFB72BA95433}.RelWithDebInfo|x64.ActiveCfg = Release|x64
		{3E799E09-924C-4AA1-94F7-FFB72BA95433}.RelWithDebInfo|x64.Build.0 = Release|x64
		{3E799E09-924C-4AA1-94F7-FFB72BA95433}.RelWithDebInfo|x86.ActiveCfg = Release|Win32
		{3E799E09-924C-4AA1-94F7-FFB72BA95433}.RelWithDebInfo|x86.Build.0 = Release|Win32
		{0D29535B-C852-4B05-9598-E4E9BF5E230D}.Debug MX|Win32.ActiveCfg = Debug|Win32
		{0D29535B-C852-4B05-9598-E4E9BF5E230D}.Debug MX|Win32.Build.0 = Debug|Win32
		{0D29535B-C852-4B05-9598-E4E9BF5E230D}.Debug MX|Win32.Deploy.0 = Debug|Win32
		{0D29535B-C852-4B05-9598-E4E9BF5E230D}.Debug MX|x64.ActiveCfg = Debug|x64
		{0D29535B-C852-4B05-9598-E4E9BF5E230D}.Debug MX|x64.Build.0 = Debug|x64
		{0D29535B-C852-4B05-9598-E4E9BF5E230D}.Debug MX|x64.Deploy.0 = Debug|x64
		{0D29535B-C852-4B05-9598-E4E9BF5E230D}.Debug MX|x86.ActiveCfg = Debug|Win32
		{0D29535B-C852-4B05-9598-E4E9BF5E230D}.Debug MX|x86.Build.0 = Debug|Win32
		{0D29535B-C852-4B05-9598-E4E9BF5E230D}.Debug MX|x86.Deploy.0 = Debug|Win32
		{0D29535B-C852-4B05-9598-E4E9BF5E230D}.Debug|Win32.ActiveCfg = Debug|Win32
		{0D29535B-C852-4B05-9598-E4E9BF5E230D}.Debug|Win32.Build.0 = Debug|Win32
		{0D29535B-C852-4B05-9598-E4E9BF5E230D}.Debug|Win32.Deploy.0 = Debug|Win32
		{0D29535B-C852-4B05-9598-E4E9BF5E230D}.Debug|x64.ActiveCfg = Debug|x64
		{0D29535B-C852-4B05-9598-E4E9BF5E230D}.Debug|x64.Build.0 = Debug|x64
		{0D29535B-C852-4B05-9598-E4E9BF5E230D}.Debug|x64.Deploy.0 = Debug|x64
		{0D29535B-C852-4B05-9598-E4E9BF5E230D}.Debug|x86.ActiveCfg = Debug|Win32
		{0D29535B-C852-4B05-9598-E4E9BF5E230D}.Debug|x86.Build.0 = Debug|Win32
		{0D29535B-C852-4B05-9598-E4E9BF5E230D}.Debug|x86.Deploy.0 = Debug|Win32
		{0D29535B-C852-4B05-9598-E4E9BF5E230D}.MinSizeRel|Win32.ActiveCfg = Release|Win32
		{0D29535B-C852-4B05-9598-E4E9BF5E230D}.MinSizeRel|Win32.Build.0 = Release|Win32
		{0D29535B-C852-4B05-9598-E4E9BF5E230D}.MinSizeRel|Win32.Deploy.0 = Release|Win32
		{0D29535B-C852-4B05-9598-E4E9BF5E230D}.MinSizeRel|x64.ActiveCfg = Release|x64
		{0D29535B-C852-4B05-9598-E4E9BF5E230D}.MinSizeRel|x64.Build.0 = Release|x64
		{0D29535B-C852-4B05-9598-E4E9BF5E230D}.MinSizeRel|x64.Deploy.0 = Release|x64
		{0D29535B-C852-4B05-9598-E4E9BF5E230D}.MinSizeRel|x86.ActiveCfg = Release|Win32
		{0D29535B-C852-4B05-9598-E4E9BF5E230D}.MinSizeRel|x86.Build.0 = Release|Win32
		{0D29535B-C852-4B05-9598-E4E9BF5E230D}.MinSizeRel|x86.Deploy.0 = Release|Win32
		{0D29535B-C852-4B05-9598-E4E9BF5E230D}.Release MX|Win32.ActiveCfg = Release|Win32
		{0D29535B-C852-4B05-9598-E4E9BF5E230D}.Release MX|Win32.Build.0 = Release|Win32
		{0D29535B-C852-4B05-9598-E4E9BF5E230D}.Release MX|Win32.Deploy.0 = Release|Win32
		{0D29535B-C852-4B05-9598-E4E9BF5E230D}.Release MX|x64.ActiveCfg = Release|x64
		{0D29535B-C852-4B05-9598-E4E9BF5E230D}.Release MX|x64.Build.0 = Release|x64
		{0D29535B-C852-4B05-9598-E4E9BF5E230D}.Release MX|x64.Deploy.0 = Release|x64
		{0D29535B-C852-4B05-9598-E4E9BF5E230D}.Release MX|x86.ActiveCfg = Release|Win32
		{0D29535B-C852-4B05-9598-E4E9BF5E230D}.Release MX|x86.Build.0 = Release|Win32
		{0D29535B-C852-4B05-9598-E4E9BF5E230D}.Release MX|x86.Deploy.0 = Release|Win32
		{0D29535B-C852-4B05-9598-E4E9BF5E230D}.Release|Win32.ActiveCfg = Release|Win32
		{0D29535B-C852-4B05-9598-E4E9BF5E230D}.Release|Win32.Build.0 = Release|Win32
		{0D29535B-C852-4B05-9598-E4E9BF5E230D}.Release|Win32.Deploy.0 = Release|Win32
		{0D29535B-C852-4B05-9598-E4E9BF5E230D}.Release|x64.ActiveCfg = Release|x64
		{0D29535B-C852-4B05-9598-E4E9BF5E230D}.Release|x64.Build.0 = Release|x64
		{0D29535B-C852-4B05-9598-E4E9BF5E230D}.Release|x64.Deploy.0 = Release|x64
		{0D29535B-C852-4B05-9598-E4E9BF5E230D}.Release|x86.ActiveCfg = Release|Win32
		{0D29535B-C852-4B05-9598-E4E9BF5E230D}.Release|x86.Build.0 = Release|Win32
		{0D29535B-C852-4B05-9598-E4E9BF5E230D}.Release|x86.Deploy.0 = Release|Win32
		{0D29535B-C852-4B05-9598-E4E9BF5E230D}.RelWithDebInfo|Win32.ActiveCfg = Release|Win32
		{0D29535B-C852-4B05-9598-E4E9BF5E230D}.RelWithDebInfo|Win32.Build.0 = Release|Win32
		{0D29535B-C852-4B05-9598-E4E9BF5E230D}.RelWithDebInfo|Win32.Deploy.0 = Release|Win32
		{0D29535B-C852-4B05-9598-E4E9BF5E230D}.RelWithDebInfo|x64.ActiveCfg = Release|x64
		{0D29535B-C852-4B05-9598-E4E9BF5E230D}.RelWithDebInfo|x64.Build.0 = Release|x64
		{0D29535B-C852-4B05-9598-E4E9BF5E230D}.RelWithDebInfo|x64.Deploy.0 = Release|x64
		{0D29535B-C852-4B05-9598-E4E9BF5E230D}.RelWithDebInfo|x86.ActiveCfg = Release|Win32
		{0D29535B-C852-4B05-9598-E4E9BF5E230D}.RelWithDebInfo|x86.Build.0 = Release|Win32
		{0D29535B-C852-4B05-9598-E4E9BF5E230D}.RelWithDebInfo|x86.Deploy.0 = Release|Win32
		{15902929-B063-4087-A73C-4DC7B2136C75}.Debug MX|Win32.ActiveCfg = Debug|Win32
		{15902929-B063-4087-A73C-4DC7B2136C75}.Debug MX|Win32.Build.0 = Debug|Win32
		{15902929-B063-4087-A73C-4DC7B2136C75}.Debug MX|x64.ActiveCfg = Debug|x64
		{15902929-B063-4087-A73C-4DC7B2136C75}.Debug MX|x64.Build.0 = Debug|x64
		{15902929-B063-4087-A73C-4DC7B2136C75}.Debug MX|x86.ActiveCfg = Debug|Win32
		{15902929-B063-4087-A73C-4DC7B2136C75}.Debug MX|x86.Build.0 = Debug|Win32
		{15902929-B063-4087-A73C-4DC7B2136C75}.Debug|Win32.ActiveCfg = Debug|Win32
		{15902929-B063-4087-A73C-4DC7B2136C75}.Debug|Win32.Build.0 = Debug|Win32
		{15902929-B063-4087-A73C-4DC7B2136C75}.Debug|x64.ActiveCfg = Debug|x64
		{15902929-B063-4087-A73C-4DC7B2136C75}.Debug|x64.Build.0 = Debug|x64
		{15902929-B063-4087-A73C-4DC7B2136C75}.Debug|x86.ActiveCfg = Debug|Win32
		{15902929-B063-4087-A73C-4DC7B2136C75}.Debug|x86.Build.0 = Debug|Win32
		{15902929-B063-4087-A73C-4DC7B2136C75}.MinSizeRel|Win32.ActiveCfg = Release|Win32
		{15902929-B063-4087-A73C-4DC7B2136C75}.MinSizeRel|Win32.Build.0 = Release|Win32
		{15902929-B063-4087-A73C-4DC7B2136C75}.MinSizeRel|x64.ActiveCfg = Release|x64
		{15902929-B063-4087-A73C-4DC7B2136C75}.MinSizeRel|x64.Build.0 = Release|x64
		{15902929-B063-4087-A73C-4DC7B2136C75}.MinSizeRel|x86.ActiveCfg = Release|Win32
		{15902929-B063-4087-A73C-4DC7B2136C75}.MinSizeRel|x86.Build.0 = Release|Win32
		{15902929-B063-4087-A73C-4DC7B2136C75}.Release MX|Win32.ActiveCfg = Release|Win32
		{15902929-B063-4087-A73C-4DC7B2136C75}.Release MX|Win32.Build.0 = Release|Win32
		{15902929-B063-4087-A73C-4DC7B2136C75}.Release MX|x64.ActiveCfg = Release|x64
		{15902929-B063-4087-A73C-4DC7B2136C75}.Release MX|x64.Build.0 = Release|x64
		{15902929-B063-4087-A73C-4DC7B2136C75}.Release MX|x86.ActiveCfg = Release|Win32
		{15902929-B063-4087-A73C-4DC7B2136C75}.Release MX|x86.Build.0 = Release|Win32
		{15902929-B063-4087-A73C-4DC7B2136C75}.Release|Win32.ActiveCfg = Release|Win32
		{15902929-B063-4087-A73C-4DC7B2136C75}.Release|Win32.Build.0 = Release|Win32
		{15902929-B063-4087-A73C-4DC7B2136C75}.Release|x64.ActiveCfg = Release|x64
		{15902929-B063-4087-A73C-4DC7B2136C75}.Release|x64.Build.0 = Release|x64
		{15902929-B063-4087-A73C-4DC7B2136C75}.Release|x86.ActiveCfg = Release|Win32
		{15902929-B063-4087-A73C-4DC7B2136C75}.Release|x86.Build.0 = Release|Win32
		{15902929-B063-4087-A73C-4DC7B2136C75}.RelWithDebInfo|Win32.ActiveCfg = Release|Win32
		{15902929-B063-4087-A73C-4DC7B2136C75}.RelWithDebInfo|Win32.Build.0 = Release|Win32
		{15902929-B063-4087-A73C-4DC7B2136C75}.RelWithDebInfo|x64.ActiveCfg = Release|x64
		{15902929-B063-4087-A73C-4DC7B2136C75}.RelWithDebInfo|x64.Build.0 = Release|x64
		{15902929-B063-4087-A73C-4DC7B2136C75}.RelWithDebInfo|x86.ActiveCfg = Release|Win32
		{15902929-B063-4087-A73C-4DC7B2136C75}.RelWithDebInfo|x86.Build.0 = Release|Win32
		{AFEBC046-3FD4-4ADD-987E-C78379E5E12A}.Debug MX|Win32.ActiveCfg = Debug|Win32
		{AFEBC046-3FD4-4ADD-987E-C78379E5E12A}.Debug MX|Win32.Build.0 = Debug|Win32
		{AFEBC046-3FD4-4ADD-987E-C78379E5E12A}.Debug MX|x64.ActiveCfg = Debug|x64
		{AFEBC046-3FD4-4ADD-987E-C78379E5E12A}.Debug MX|x64.Build.0 = Debug|x64
		{AFEBC046-3FD4-4ADD-987E-C78379E5E12A}.Debug MX|x86.ActiveCfg = Debug|Win32
		{AFEBC046-3FD4-4ADD-987E-C78379E5E12A}.Debug MX|x86.Build.0 = Debug|Win32
		{AFEBC046-3FD4-4ADD-987E-C78379E5E12A}.Debug|Win32.ActiveCfg = Debug|Win32
		{AFEBC046-3FD4-4ADD-987E-C78379E5E12A}.Debug|Win32.Build.0 = Debug|Win32
		{AFEBC046-3FD4-4ADD-987E-C78379E5E12A}.Debug|x64.ActiveCfg = Debug|x64
		{AFEBC046-3FD4-4ADD-987E-C78379E5E12A}.Debug|x64.Build.0 = Debug|x64
		{AFEBC046-3FD4-4ADD-987E-C78379E5E12A}.Debug|x86.ActiveCfg = Debug|Win32
		{AFEBC046-3FD4-4ADD-987E-C78379E5E12A}.Debug|x86.Build.0 = Debug|Win32
		{AFEBC046-3FD4-4ADD-987E-C78379E5E12A}.MinSizeRel|Win32.ActiveCfg = Release|Win32
		{AFEBC046-3FD4-4ADD-987E-C78379E5E12A}.MinSizeRel|Win32.Build.0 = Release|Win32
		{AFEBC046-3FD4-4ADD-987E-C78379E5E12A}.MinSizeRel|x64.ActiveCfg = Release|x64
		{AFEBC046-3FD4-4ADD-987E-C78379E5E12A}.MinSizeRel|x64.Build.0 = Release|x64
		{AFEBC046-3FD4-4ADD-987E-C78379E5E12A}.MinSizeRel|x86.ActiveCfg = Release|Win32
		{AFEBC046-3FD4-4ADD-987E-C78379E5E12A}.MinSizeRel|x86.Build.0 = Release|Win32
		{AFEBC046-3FD4-4ADD-987E-C78379E5E12A}.Release MX|Win32.ActiveCfg = Release|Win32
		{AFEBC046-3FD4-4ADD-987E-C78379E5E12A}.Release MX|Win32.Build.0 = Release|Win32
		{AFEBC046-3FD4-4ADD-987E-C78379E5E12A}.Release MX|x64.ActiveCfg = Release|x64
		{AFEBC046-3FD4-4ADD-987E-C78379E5E12A}.Release MX|x64.Build.0 = Release|x64
		{AFEBC046-3FD4-4ADD-987E-C78379E5E12A}.Release MX|x86.ActiveCfg = Release|Win32
		{AFEBC046-3FD4-4ADD-987E-C78379E5E12A}.Release MX|x86.Build.0 = Release|Win32
		{AFEBC046-3FD4-4ADD-987E-C78379E5E12A}.Release|Win32.ActiveCfg = Release|Win32
		{AFEBC046-3FD4-4ADD-987E-C78379E5E12A}.Release|Win32.Build.0 = Release|Win32
		{AFEBC046-3FD4-4ADD-987E-C78379E5E12A}.Release|x64.ActiveCfg = Release|x64
		{AFEBC046-3FD4-4ADD-987E-C78379E5E12A}.Release|x64.Build.0 = Release|x64
		{AFEBC046-3FD4-4ADD-987E-C78379E5E12A}.Release|x86.ActiveCfg = Release|Win32
		{AFEBC046-3FD4-4ADD-987E-C78379E5E12A}.Release|x86.Build.0 = Release|Win32
		{AFEBC046-3FD4-4ADD-987E-C78379E5E12A}.RelWithDebInfo|Win32.ActiveCfg = Release|Win32
		{AFEBC046-3FD4-4ADD-987E-C78379E5E12A}.RelWithDebInfo|Win32.Build.0 = Release|Win32
		{AFEBC046-3FD4-4ADD-987E-C78379E5E12A}.RelWithDebInfo|x64.ActiveCfg = Release|x64
		{AFEBC046-3FD4-4ADD-987E-C78379E5E12A}.RelWithDebInfo|x64.Build.0 = Release|x64
		{AFEBC046-3FD4-4ADD-987E-C78379E5E12A}.RelWithDebInfo|x86.ActiveCfg = Release|Win32
		{AFEBC046-3FD4-4ADD-987E-C78379E5E12A}.RelWithDebInfo|x86.Build.0 = Release|Win32
		{56CB3EA3-297E-4C00-A35D-C88444E52D7B}.Debug MX|Win32.ActiveCfg = Debug|Win32
		{56CB3EA3-297E-4C00-A35D-C88444E52D7B}.Debug MX|Win32.Build.0 = Debug|Win32
		{56CB3EA3-297E-4C00-A35D-C88444E52D7B}.Debug MX|x64.ActiveCfg = Debug|x64
		{56CB3EA3-297E-4C00-A35D-C88444E52D7B}.Debug MX|x64.Build.0 = Debug|x64
		{56CB3EA3-297E-4C00-A35D-C88444E52D7B}.Debug MX|x86.ActiveCfg = Debug|Win32
		{56CB3EA3-297E-4C00-A35D-C88444E52D7B}.Debug MX|x86.Build.0 = Debug|Win32
		{56CB3EA3-297E-4C00-A35D-C88444E52D7B}.Debug|Win32.ActiveCfg = Debug|Win32
		{56CB3EA3-297E-4C00-A35D-C88444E52D7B}.Debug|Win32.Build.0 = Debug|Win32
		{56CB3EA3-297E-4C00-A35D-C88444E52D7B}.Debug|x64.ActiveCfg = Debug|x64
		{56CB3EA3-297E-4C00-A35D-C88444E52D7B}.Debug|x64.Build.0 = Debug|x64
		{56CB3EA3-297E-4C00-A35D-C88444E52D7B}.Debug|x86.ActiveCfg = Debug|Win32
		{56CB3EA3-297E-4C00-A35D-C88444E52D7B}.Debug|x86.Build.0 = Debug|Win32
		{56CB3EA3-297E-4C00-A35D-C88444E52D7B}.MinSizeRel|Win32.ActiveCfg = Release|Win32
		{56CB3EA3-297E-4C00-A35D-C88444E52D7B}.MinSizeRel|Win32.Build.0 = Release|Win32
		{56CB3EA3-297E-4C00-A35D-C88444E52D7B}.MinSizeRel|x64.ActiveCfg = Release|x64
		{56CB3EA3-297E-4C00-A35D-C88444E52D7B}.MinSizeRel|x64.Build.0 = Release|x64
		{56CB3EA3-297E-4C00-A35D-C88444E52D7B}.MinSizeRel|x86.ActiveCfg = Release|Win32
		{56CB3EA3-297E-4C00-A35D-C88444E52D7B}.MinSizeRel|x86.Build.0 = Release|Win32
		{56CB3EA3-297E-4C00-A35D-C88444E52D7B}.Release MX|Win32.ActiveCfg = Release|Win32
		{56CB3EA3-297E-4C00-A35D-C88444E52D7B}.Release MX|Win32.Build.0 = Release|Win32
		{56CB3EA3-297E-4C00-A35D-C88444E52D7B}.Release MX|x64.ActiveCfg = Release|x64
		{56CB3EA3-297E-4C00-A35D-C88444E52D7B}.Release MX|x64.Build.0 = Release|x64
		{56CB3EA3-297E-4C00-A35D-C88444E52D7B}.Release MX|x86.ActiveCfg = Release|Win32
		{56CB3EA3-297E-4C00-A35D-C88444E52D7B}.Release MX|x86.Build.0 = Release|Win32
		{56CB3EA3-297E-4C00-A35D-C88444E52D7B}.Release|Win32.ActiveCfg = Release|Win32
		{56CB3EA3-297E-4C00-A35D-C88444E52D7B}.Release|Win32.Build.0 = Release|Win32
		{56CB3EA3-297E-4C00-A35D-C88444E52D7B}.Release|x64.ActiveCfg = Release|x64
		{56CB3EA3-297E-4C00-A35D-C88444E52D7B}.Release|x64.Build.0 = Release|x64
		{56CB3EA3-297E-4C00-A35D-C88444E52D7B}.Release|x86.ActiveCfg = Release|Win32
		{56CB3EA3-297E-4C00-A35D-C88444E52D7B}.Release|x86.Build.0 = Release|Win32
		{56CB3EA3-297E-4C00-A35D-C88444E52D7B}.RelWithDebInfo|Win32.ActiveCfg = Release|Win32
		{56CB3EA3-297E-4C00-A35D-C88444E52D7B}.RelWithDebInfo|Win32.Build.0 = Release|Win32
		{56CB3EA3-297E-4C00-A35D-C88444E52D7B}.RelWithDebInfo|x64.ActiveCfg = Release|x64
		{56CB3EA3-297E-4C00-A35D-C88444E52D7B}.RelWithDebInfo|x64.Build.0 = Release|x64
		{56CB3EA3-297E-4C00-A35D-C88444E52D7B}.RelWithDebInfo|x86.ActiveCfg = Release|Win32
		{56CB3EA3-297E-4C00-A35D-C88444E52D7B}.RelWithDebInfo|x86.Build.0 = Release|Win32
		{4BF6979B-C06D-4A44-BF6A-4582A1DA654E}.Debug MX|Win32.ActiveCfg = Debug|Win32
		{4BF6979B-C06D-4A44-BF6A-4582A1DA654E}.Debug MX|Win32.Build.0 = Debug|Win32
		{4BF6979B-C06D-4A44-BF6A-4582A1DA654E}.Debug MX|x64.ActiveCfg = Debug|x64
		{4BF6979B-C06D-4A44-BF6A-4582A1DA654E}.Debug MX|x64.Build.0 = Debug|x64
		{4BF6979B-C06D-4A44-BF6A-4582A1DA654E}.Debug MX|x86.ActiveCfg = Debug|Win32
		{4BF6979B-C06D-4A44-BF6A-4582A1DA654E}.Debug MX|x86.Build.0 = Debug|Win32
		{4BF6979B-C06D-4A44-BF6A-4582A1DA654E}.Debug|Win32.ActiveCfg = Debug|Win32
		{4BF6979B-C06D-4A44-BF6A-4582A1DA654E}.Debug|Win32.Build.0 = Debug|Win32
		{4BF6979B-C06D-4A44-BF6A-4582A1DA654E}.Debug|x64.ActiveCfg = Debug|x64
		{4BF6979B-C06D-4A44-BF6A-4582A1DA654E}.Debug|x64.Build.0 = Debug|x64
		{4BF6979B-C06D-4A44-BF6A-4582A1DA654E}.Debug|x86.ActiveCfg = Debug|Win32
		{4BF6979B-C06D-4A44-BF6A-4582A1DA654E}.Debug|x86.Build.0 = Debug|Win32
		{4BF6979B-C06D-4A44-BF6A-4582A1DA654E}.MinSizeRel|Win32.ActiveCfg = Release|Win32
		{4BF6979B-C06D-4A44-BF6A-4582A1DA654E}.MinSizeRel|Win32.Build.0 = Release|Win32
		{4BF6979B-C06D-4A44-BF6A-4582A1DA654E}.MinSizeRel|x64.ActiveCfg = Release|x64
		{4BF6979B-C06D-4A44-BF6A-4582A1DA654E}.MinSizeRel|x64.Build.0 = Release|x64
		{4BF6979B-C06D-4A44-BF6A-4582A1DA654E}.MinSizeRel|x86.ActiveCfg = Release|Win32
		{4BF6979B-C06D-4A44-BF6A-4582A1DA654E}.MinSizeRel|x86.Build.0 = Release|Win32
		{4BF6979B-C06D-4A44-BF6A-4582A1DA654E}.Release MX|Win32.ActiveCfg = Release|Win32
		{4BF6979B-C06D-4A44-BF6A-4582A1DA654E}.Release MX|Win32.Build.0 = Release|Win32
		{4BF6979B-C06D-4A44-BF6A-4582A1DA654E}.Release MX|x64.ActiveCfg = Release|x64
		{4BF6979B-C06D-4A44-BF6A-4582A1DA654E}.Release MX|x64.Build.0 = Release|x64
		{4BF6979B-C06D-4A44-BF6A-4582A1DA654E}.Release MX|x86.ActiveCfg = Release|Win32
		{4BF6979B-C06D-4A44-BF6A-4582A1DA654E}.Release MX|x86.Build.0 = Release|Win32
		{4BF6979B-C06D-4A44-BF6A-4582A1DA654E}.Release|Win32.ActiveCfg = Release|Win32
		{4BF6979B-C06D-4A44-BF6A-4582A1DA654E}.Release|Win32.Build.0 = Release|Win32
		{4BF6979B-C06D-4A44-BF6A-4582A1DA654E}.Release|x64.ActiveCfg = Release|x64
		{4BF6979B-C06D-4A44-BF6A-4582A1DA654E}.Release|x64.Build.0 = Release|x64
		{4BF6979B-C06D-4A44-BF6A-4582A1DA654E}.Release|x86.ActiveCfg = Release|Win32
		{4BF6979B-C06D-4A44-BF6A-4582A1DA654E}.Release|x86.Build.0 = Release|Win32
		{4BF6979B-C06D-4A44-BF6A-4582A1DA654E}.RelWithDebInfo|Win32.ActiveCfg = Release|Win32
		{4BF6979B-C06D-4A44-BF6A-4582A1DA654E}.RelWithDebInfo|Win32.Build.0 = Release|Win32
		{4BF6979B-C06D-4A44-BF6A-4582A1DA654E}.RelWithDebInfo|x64.ActiveCfg = Release|x64
		{4BF6979B-C06D-4A44-BF6A-4582A1DA654E}.RelWithDebInfo|x64.Build.0 = Release|x64
		{4BF6979B-C06D-4A44-BF6A-4582A1DA654E}.RelWithDebInfo|x86.ActiveCfg = Release|Win32
		{4BF6979B-C06D-4A44-BF6A-4582A1DA654E}.RelWithDebInfo|x86.Build.0 = Release|Win32
	EndGlobalSection
	GlobalSection(SolutionProperties) = preSolution
		HideSolutionNode = FALSE
	EndGlobalSection
EndGlobal
